
Microsoft Visual Studio Solution File, Format Version 12.00
# Visual Studio Version 17
VisualStudioVersion = 17.0.32014.148
MinimumVisualStudioVersion = 10.0.40219.1
Project("{FAE04EC0-301F-11D3-BF4B-00C04F79EFBC}") = "API_Test", "API_Test\API_Test.csproj", "{AB419353-995D-422E-BA4A-12534032E2C6}"
EndProject
Global
	GlobalSection(SolutionConfigurationPlatforms) = preSolution
		Debug|Any CPU = Debug|Any CPU
		Release|Any CPU = Release|Any CPU
	EndGlobalSection
	GlobalSection(ProjectConfigurationPlatforms) = postSolution
		{AB419353-995D-422E-BA4A-12534032E2C6}.Debug|Any CPU.ActiveCfg = Debug|Any CPU
		{AB419353-995D-422E-BA4A-12534032E2C6}.Debug|Any CPU.Build.0 = Debug|Any CPU
		{AB419353-995D-422E-BA4A-12534032E2C6}.Release|Any CPU.ActiveCfg = Release|Any CPU
		{AB419353-995D-422E-BA4A-12534032E2C6}.Release|Any CPU.Build.0 = Release|Any CPU
	EndGlobalSection
	GlobalSection(SolutionProperties) = preSolution
		HideSolutionNode = FALSE
	EndGlobalSection
	GlobalSection(ExtensibilityGlobals) = postSolution
		SolutionGuid = {B0B7BA0C-D7D3-4AA1-8F61-4553DAF2B06B}
	EndGlobalSection
EndGlobal
